
Microsoft Visual Studio Solution File, Format Version 12.00
# Visual Studio Version 17
VisualStudioVersion = 17.7.34003.232
MinimumVisualStudioVersion = 10.0.40219.1
Project("{9A19103F-16F7-4668-BE54-9A1E7A4F7556}") = "Google Calendar Event", "second\Google Calendar Event.csproj", "{D072E900-B164-4D68-BDAA-4088C3D5DEFF}"
EndProject
Global
	GlobalSection(SolutionConfigurationPlatforms) = preSolution
		Debug|Any CPU = Debug|Any CPU
		Release|Any CPU = Release|Any CPU
	EndGlobalSection
	GlobalSection(ProjectConfigurationPlatforms) = postSolution
		{D072E900-B164-4D68-BDAA-4088C3D5DEFF}.Debug|Any CPU.ActiveCfg = Debug|Any CPU
		{D072E900-B164-4D68-BDAA-4088C3D5DEFF}.Debug|Any CPU.Build.0 = Debug|Any CPU
		{D072E900-B164-4D68-BDAA-4088C3D5DEFF}.Release|Any CPU.ActiveCfg = Release|Any CPU
		{D072E900-B164-4D68-BDAA-4088C3D5DEFF}.Release|Any CPU.Build.0 = Release|Any CPU
	EndGlobalSection
	GlobalSection(SolutionProperties) = preSolution
		HideSolutionNode = FALSE
	EndGlobalSection
	GlobalSection(ExtensibilityGlobals) = postSolution
		SolutionGuid = {F525E6F4-9D31-4DF5-9C7B-1010FFBF50C8}
	EndGlobalSection
EndGlobal
